
Microsoft Visual Studio Solution File, Format Version 12.00
# Visual Studio 15
VisualStudioVersion = 15.0.26730.12
MinimumVisualStudioVersion = 10.0.40219.1
Project("{FAE04EC0-301F-11D3-BF4B-00C04F79EFBC}") = "Pract5.Android", "Pract5\Pract5.Android\Pract5.Android.csproj", "{6BC319B7-6D3C-441C-B9A2-6D5A16FD705C}"
EndProject
Project("{FAE04EC0-301F-11D3-BF4B-00C04F79EFBC}") = "Pract5", "Pract5\Pract5\Pract5.csproj", "{B904DB2E-100C-43F9-A55D-51B984491A14}"
EndProject
Project("{FAE04EC0-301F-11D3-BF4B-00C04F79EFBC}") = "Pract5.UWP", "Pract5\Pract5.UWP\Pract5.UWP.csproj", "{2F66B9EC-8C72-48F0-A2D6-65FCE725956F}"
EndProject
Project("{FAE04EC0-301F-11D3-BF4B-00C04F79EFBC}") = "Pract5.iOS", "Pract5\Pract5.iOS\Pract5.iOS.csproj", "{43755FBD-0D0F-4439-AA60-8F52CC025A5A}"
EndProject
Global
	GlobalSection(SolutionConfigurationPlatforms) = preSolution
		Ad-Hoc|Any CPU = Ad-Hoc|Any CPU
		Ad-Hoc|ARM = Ad-Hoc|ARM
		Ad-Hoc|iPhone = Ad-Hoc|iPhone
		Ad-Hoc|iPhoneSimulator = Ad-Hoc|iPhoneSimulator
		Ad-Hoc|x64 = Ad-Hoc|x64
		Ad-Hoc|x86 = Ad-Hoc|x86
		AppStore|Any CPU = AppStore|Any CPU
		AppStore|ARM = AppStore|ARM
		AppStore|iPhone = AppStore|iPhone
		AppStore|iPhoneSimulator = AppStore|iPhoneSimulator
		AppStore|x64 = AppStore|x64
		AppStore|x86 = AppStore|x86
		Debug|Any CPU = Debug|Any CPU
		Debug|ARM = Debug|ARM
		Debug|iPhone = Debug|iPhone
		Debug|iPhoneSimulator = Debug|iPhoneSimulator
		Debug|x64 = Debug|x64
		Debug|x86 = Debug|x86
		Release|Any CPU = Release|Any CPU
		Release|ARM = Release|ARM
		Release|iPhone = Release|iPhone
		Release|iPhoneSimulator = Release|iPhoneSimulator
		Release|x64 = Release|x64
		Release|x86 = Release|x86
	EndGlobalSection
	GlobalSection(ProjectConfigurationPlatforms) = postSolution
		{6BC319B7-6D3C-441C-B9A2-6D5A16FD705C}.Ad-Hoc|Any CPU.ActiveCfg = Release|Any CPU
		{6BC319B7-6D3C-441C-B9A2-6D5A16FD705C}.Ad-Hoc|Any CPU.Build.0 = Release|Any CPU
		{6BC319B7-6D3C-441C-B9A2-6D5A16FD705C}.Ad-Hoc|Any CPU.Deploy.0 = Release|Any CPU
		{6BC319B7-6D3C-441C-B9A2-6D5A16FD705C}.Ad-Hoc|ARM.ActiveCfg = Release|Any CPU
		{6BC319B7-6D3C-441C-B9A2-6D5A16FD705C}.Ad-Hoc|ARM.Build.0 = Release|Any CPU
		{6BC319B7-6D3C-441C-B9A2-6D5A16FD705C}.Ad-Hoc|ARM.Deploy.0 = Release|Any CPU
		{6BC319B7-6D3C-441C-B9A2-6D5A16FD705C}.Ad-Hoc|iPhone.ActiveCfg = Release|Any CPU
		{6BC319B7-6D3C-441C-B9A2-6D5A16FD705C}.Ad-Hoc|iPhone.Build.0 = Release|Any CPU
		{6BC319B7-6D3C-441C-B9A2-6D5A16FD705C}.Ad-Hoc|iPhone.Deploy.0 = Release|Any CPU
		{6BC319B7-6D3C-441C-B9A2-6D5A16FD705C}.Ad-Hoc|iPhoneSimulator.ActiveCfg = Release|Any CPU
		{6BC319B7-6D3C-441C-B9A2-6D5A16FD705C}.Ad-Hoc|iPhoneSimulator.Build.0 = Release|Any CPU
		{6BC319B7-6D3C-441C-B9A2-6D5A16FD705C}.Ad-Hoc|iPhoneSimulator.Deploy.0 = Release|Any CPU
		{6BC319B7-6D3C-441C-B9A2-6D5A16FD705C}.Ad-Hoc|x64.ActiveCfg = Release|Any CPU
		{6BC319B7-6D3C-441C-B9A2-6D5A16FD705C}.Ad-Hoc|x64.Build.0 = Release|Any CPU
		{6BC319B7-6D3C-441C-B9A2-6D5A16FD705C}.Ad-Hoc|x64.Deploy.0 = Release|Any CPU
		{6BC319B7-6D3C-441C-B9A2-6D5A16FD705C}.Ad-Hoc|x86.ActiveCfg = Release|Any CPU
		{6BC319B7-6D3C-441C-B9A2-6D5A16FD705C}.Ad-Hoc|x86.Build.0 = Release|Any CPU
		{6BC319B7-6D3C-441C-B9A2-6D5A16FD705C}.Ad-Hoc|x86.Deploy.0 = Release|Any CPU
		{6BC319B7-6D3C-441C-B9A2-6D5A16FD705C}.AppStore|Any CPU.ActiveCfg = Release|Any CPU
		{6BC319B7-6D3C-441C-B9A2-6D5A16FD705C}.AppStore|Any CPU.Build.0 = Release|Any CPU
		{6BC319B7-6D3C-441C-B9A2-6D5A16FD705C}.AppStore|Any CPU.Deploy.0 = Release|Any CPU
		{6BC319B7-6D3C-441C-B9A2-6D5A16FD705C}.AppStore|ARM.ActiveCfg = Release|Any CPU
		{6BC319B7-6D3C-441C-B9A2-6D5A16FD705C}.AppStore|ARM.Build.0 = Release|Any CPU
		{6BC319B7-6D3C-441C-B9A2-6D5A16FD705C}.AppStore|ARM.Deploy.0 = Release|Any CPU
		{6BC319B7-6D3C-441C-B9A2-6D5A16FD705C}.AppStore|iPhone.ActiveCfg = Release|Any CPU
		{6BC319B7-6D3C-441C-B9A2-6D5A16FD705C}.AppStore|iPhone.Build.0 = Release|Any CPU
		{6BC319B7-6D3C-441C-B9A2-6D5A16FD705C}.AppStore|iPhone.Deploy.0 = Release|Any CPU
		{6BC319B7-6D3C-441C-B9A2-6D5A16FD705C}.AppStore|iPhoneSimulator.ActiveCfg = Release|Any CPU
		{6BC319B7-6D3C-441C-B9A2-6D5A16FD705C}.AppStore|iPhoneSimulator.Build.0 = Release|Any CPU
		{6BC319B7-6D3C-441C-B9A2-6D5A16FD705C}.AppStore|iPhoneSimulator.Deploy.0 = Release|Any CPU
		{6BC319B7-6D3C-441C-B9A2-6D5A16FD705C}.AppStore|x64.ActiveCfg = Release|Any CPU
		{6BC319B7-6D3C-441C-B9A2-6D5A16FD705C}.AppStore|x64.Build.0 = Release|Any CPU
		{6BC319B7-6D3C-441C-B9A2-6D5A16FD705C}.AppStore|x64.Deploy.0 = Release|Any CPU
		{6BC319B7-6D3C-441C-B9A2-6D5A16FD705C}.AppStore|x86.ActiveCfg = Release|Any CPU
		{6BC319B7-6D3C-441C-B9A2-6D5A16FD705C}.AppStore|x86.Build.0 = Release|Any CPU
		{6BC319B7-6D3C-441C-B9A2-6D5A16FD705C}.AppStore|x86.Deploy.0 = Release|Any CPU
		{6BC319B7-6D3C-441C-B9A2-6D5A16FD705C}.Debug|Any CPU.ActiveCfg = Debug|Any CPU
		{6BC319B7-6D3C-441C-B9A2-6D5A16FD705C}.Debug|Any CPU.Build.0 = Debug|Any CPU
		{6BC319B7-6D3C-441C-B9A2-6D5A16FD705C}.Debug|Any CPU.Deploy.0 = Debug|Any CPU
		{6BC319B7-6D3C-441C-B9A2-6D5A16FD705C}.Debug|ARM.ActiveCfg = Debug|Any CPU
		{6BC319B7-6D3C-441C-B9A2-6D5A16FD705C}.Debug|ARM.Build.0 = Debug|Any CPU
		{6BC319B7-6D3C-441C-B9A2-6D5A16FD705C}.Debug|ARM.Deploy.0 = Debug|Any CPU
		{6BC319B7-6D3C-441C-B9A2-6D5A16FD705C}.Debug|iPhone.ActiveCfg = Debug|Any CPU
		{6BC319B7-6D3C-441C-B9A2-6D5A16FD705C}.Debug|iPhone.Build.0 = Debug|Any CPU
		{6BC319B7-6D3C-441C-B9A2-6D5A16FD705C}.Debug|iPhone.Deploy.0 = Debug|Any CPU
		{6BC319B7-6D3C-441C-B9A2-6D5A16FD705C}.Debug|iPhoneSimulator.ActiveCfg = Debug|Any CPU
		{6BC319B7-6D3C-441C-B9A2-6D5A16FD705C}.Debug|iPhoneSimulator.Build.0 = Debug|Any CPU
		{6BC319B7-6D3C-441C-B9A2-6D5A16FD705C}.Debug|iPhoneSimulator.Deploy.0 = Debug|Any CPU
		{6BC319B7-6D3C-441C-B9A2-6D5A16FD705C}.Debug|x64.ActiveCfg = Debug|Any CPU
		{6BC319B7-6D3C-441C-B9A2-6D5A16FD705C}.Debug|x64.Build.0 = Debug|Any CPU
		{6BC319B7-6D3C-441C-B9A2-6D5A16FD705C}.Debug|x64.Deploy.0 = Debug|Any CPU
		{6BC319B7-6D3C-441C-B9A2-6D5A16FD705C}.Debug|x86.ActiveCfg = Debug|Any CPU
		{6BC319B7-6D3C-441C-B9A2-6D5A16FD705C}.Debug|x86.Build.0 = Debug|Any CPU
		{6BC319B7-6D3C-441C-B9A2-6D5A16FD705C}.Debug|x86.Deploy.0 = Debug|Any CPU
		{6BC319B7-6D3C-441C-B9A2-6D5A16FD705C}.Release|Any CPU.ActiveCfg = Release|Any CPU
		{6BC319B7-6D3C-441C-B9A2-6D5A16FD705C}.Release|Any CPU.Build.0 = Release|Any CPU
		{6BC319B7-6D3C-441C-B9A2-6D5A16FD705C}.Release|Any CPU.Deploy.0 = Release|Any CPU
		{6BC319B7-6D3C-441C-B9A2-6D5A16FD705C}.Release|ARM.ActiveCfg = Release|Any CPU
		{6BC319B7-6D3C-441C-B9A2-6D5A16FD705C}.Release|ARM.Build.0 = Release|Any CPU
		{6BC319B7-6D3C-441C-B9A2-6D5A16FD705C}.Release|ARM.Deploy.0 = Release|Any CPU
		{6BC319B7-6D3C-441C-B9A2-6D5A16FD705C}.Release|iPhone.ActiveCfg = Release|Any CPU
		{6BC319B7-6D3C-441C-B9A2-6D5A16FD705C}.Release|iPhone.Build.0 = Release|Any CPU
		{6BC319B7-6D3C-441C-B9A2-6D5A16FD705C}.Release|iPhone.Deploy.0 = Release|Any CPU
		{6BC319B7-6D3C-441C-B9A2-6D5A16FD705C}.Release|iPhoneSimulator.ActiveCfg = Release|Any CPU
		{6BC319B7-6D3C-441C-B9A2-6D5A16FD705C}.Release|iPhoneSimulator.Build.0 = Release|Any CPU
		{6BC319B7-6D3C-441C-B9A2-6D5A16FD705C}.Release|iPhoneSimulator.Deploy.0 = Release|Any CPU
		{6BC319B7-6D3C-441C-B9A2-6D5A16FD705C}.Release|x64.ActiveCfg = Release|Any CPU
		{6BC319B7-6D3C-441C-B9A2-6D5A16FD705C}.Release|x64.Build.0 = Release|Any CPU
		{6BC319B7-6D3C-441C-B9A2-6D5A16FD705C}.Release|x64.Deploy.0 = Release|Any CPU
		{6BC319B7-6D3C-441C-B9A2-6D5A16FD705C}.Release|x86.ActiveCfg = Release|Any CPU
		{6BC319B7-6D3C-441C-B9A2-6D5A16FD705C}.Release|x86.Build.0 = Release|Any CPU
		{6BC319B7-6D3C-441C-B9A2-6D5A16FD705C}.Release|x86.Deploy.0 = Release|Any CPU
		{B904DB2E-100C-43F9-A55D-51B984491A14}.Ad-Hoc|Any CPU.ActiveCfg = Release|Any CPU
		{B904DB2E-100C-43F9-A55D-51B984491A14}.Ad-Hoc|Any CPU.Build.0 = Release|Any CPU
		{B904DB2E-100C-43F9-A55D-51B984491A14}.Ad-Hoc|ARM.ActiveCfg = Release|Any CPU
		{B904DB2E-100C-43F9-A55D-51B984491A14}.Ad-Hoc|ARM.Build.0 = Release|Any CPU
		{B904DB2E-100C-43F9-A55D-51B984491A14}.Ad-Hoc|iPhone.ActiveCfg = Release|Any CPU
		{B904DB2E-100C-43F9-A55D-51B984491A14}.Ad-Hoc|iPhone.Build.0 = Release|Any CPU
		{B904DB2E-100C-43F9-A55D-51B984491A14}.Ad-Hoc|iPhoneSimulator.ActiveCfg = Release|Any CPU
		{B904DB2E-100C-43F9-A55D-51B984491A14}.Ad-Hoc|iPhoneSimulator.Build.0 = Release|Any CPU
		{B904DB2E-100C-43F9-A55D-51B984491A14}.Ad-Hoc|x64.ActiveCfg = Release|Any CPU
		{B904DB2E-100C-43F9-A55D-51B984491A14}.Ad-Hoc|x64.Build.0 = Release|Any CPU
		{B904DB2E-100C-43F9-A55D-51B984491A14}.Ad-Hoc|x86.ActiveCfg = Release|Any CPU
		{B904DB2E-100C-43F9-A55D-51B984491A14}.Ad-Hoc|x86.Build.0 = Release|Any CPU
		{B904DB2E-100C-43F9-A55D-51B984491A14}.AppStore|Any CPU.ActiveCfg = Release|Any CPU
		{B904DB2E-100C-43F9-A55D-51B984491A14}.AppStore|Any CPU.Build.0 = Release|Any CPU
		{B904DB2E-100C-43F9-A55D-51B984491A14}.AppStore|ARM.ActiveCfg = Release|Any CPU
		{B904DB2E-100C-43F9-A55D-51B984491A14}.AppStore|ARM.Build.0 = Release|Any CPU
		{B904DB2E-100C-43F9-A55D-51B984491A14}.AppStore|iPhone.ActiveCfg = Release|Any CPU
		{B904DB2E-100C-43F9-A55D-51B984491A14}.AppStore|iPhone.Build.0 = Release|Any CPU
		{B904DB2E-100C-43F9-A55D-51B984491A14}.AppStore|iPhoneSimulator.ActiveCfg = Release|Any CPU
		{B904DB2E-100C-43F9-A55D-51B984491A14}.AppStore|iPhoneSimulator.Build.0 = Release|Any CPU
		{B904DB2E-100C-43F9-A55D-51B984491A14}.AppStore|x64.ActiveCfg = Release|Any CPU
		{B904DB2E-100C-43F9-A55D-51B984491A14}.AppStore|x64.Build.0 = Release|Any CPU
		{B904DB2E-100C-43F9-A55D-51B984491A14}.AppStore|x86.ActiveCfg = Release|Any CPU
		{B904DB2E-100C-43F9-A55D-51B984491A14}.AppStore|x86.Build.0 = Release|Any CPU
		{B904DB2E-100C-43F9-A55D-51B984491A14}.Debug|Any CPU.ActiveCfg = Debug|Any CPU
		{B904DB2E-100C-43F9-A55D-51B984491A14}.Debug|Any CPU.Build.0 = Debug|Any CPU
		{B904DB2E-100C-43F9-A55D-51B984491A14}.Debug|ARM.ActiveCfg = Debug|Any CPU
		{B904DB2E-100C-43F9-A55D-51B984491A14}.Debug|ARM.Build.0 = Debug|Any CPU
		{B904DB2E-100C-43F9-A55D-51B984491A14}.Debug|iPhone.ActiveCfg = Debug|Any CPU
		{B904DB2E-100C-43F9-A55D-51B984491A14}.Debug|iPhone.Build.0 = Debug|Any CPU
		{B904DB2E-100C-43F9-A55D-51B984491A14}.Debug|iPhoneSimulator.ActiveCfg = Debug|Any CPU
		{B904DB2E-100C-43F9-A55D-51B984491A14}.Debug|iPhoneSimulator.Build.0 = Debug|Any CPU
		{B904DB2E-100C-43F9-A55D-51B984491A14}.Debug|x64.ActiveCfg = Debug|Any CPU
		{B904DB2E-100C-43F9-A55D-51B984491A14}.Debug|x64.Build.0 = Debug|Any CPU
		{B904DB2E-100C-43F9-A55D-51B984491A14}.Debug|x86.ActiveCfg = Debug|Any CPU
		{B904DB2E-100C-43F9-A55D-51B984491A14}.Debug|x86.Build.0 = Debug|Any CPU
		{B904DB2E-100C-43F9-A55D-51B984491A14}.Release|Any CPU.ActiveCfg = Release|Any CPU
		{B904DB2E-100C-43F9-A55D-51B984491A14}.Release|Any CPU.Build.0 = Release|Any CPU
		{B904DB2E-100C-43F9-A55D-51B984491A14}.Release|ARM.ActiveCfg = Release|Any CPU
		{B904DB2E-100C-43F9-A55D-51B984491A14}.Release|ARM.Build.0 = Release|Any CPU
		{B904DB2E-100C-43F9-A55D-51B984491A14}.Release|iPhone.ActiveCfg = Release|Any CPU
		{B904DB2E-100C-43F9-A55D-51B984491A14}.Release|iPhone.Build.0 = Release|Any CPU
		{B904DB2E-100C-43F9-A55D-51B984491A14}.Release|iPhoneSimulator.ActiveCfg = Release|Any CPU
		{B904DB2E-100C-43F9-A55D-51B984491A14}.Release|iPhoneSimulator.Build.0 = Release|Any CPU
		{B904DB2E-100C-43F9-A55D-51B984491A14}.Release|x64.ActiveCfg = Release|Any CPU
		{B904DB2E-100C-43F9-A55D-51B984491A14}.Release|x64.Build.0 = Release|Any CPU
		{B904DB2E-100C-43F9-A55D-51B984491A14}.Release|x86.ActiveCfg = Release|Any CPU
		{B904DB2E-100C-43F9-A55D-51B984491A14}.Release|x86.Build.0 = Release|Any CPU
		{2F66B9EC-8C72-48F0-A2D6-65FCE725956F}.Ad-Hoc|Any CPU.ActiveCfg = Release|x86
		{2F66B9EC-8C72-48F0-A2D6-65FCE725956F}.Ad-Hoc|Any CPU.Build.0 = Release|x86
		{2F66B9EC-8C72-48F0-A2D6-65FCE725956F}.Ad-Hoc|Any CPU.Deploy.0 = Release|x86
		{2F66B9EC-8C72-48F0-A2D6-65FCE725956F}.Ad-Hoc|ARM.ActiveCfg = Release|ARM
		{2F66B9EC-8C72-48F0-A2D6-65FCE725956F}.Ad-Hoc|ARM.Build.0 = Release|ARM
		{2F66B9EC-8C72-48F0-A2D6-65FCE725956F}.Ad-Hoc|ARM.Deploy.0 = Release|ARM
		{2F66B9EC-8C72-48F0-A2D6-65FCE725956F}.Ad-Hoc|iPhone.ActiveCfg = Release|x86
		{2F66B9EC-8C72-48F0-A2D6-65FCE725956F}.Ad-Hoc|iPhone.Build.0 = Release|x86
		{2F66B9EC-8C72-48F0-A2D6-65FCE725956F}.Ad-Hoc|iPhone.Deploy.0 = Release|x86
		{2F66B9EC-8C72-48F0-A2D6-65FCE725956F}.Ad-Hoc|iPhoneSimulator.ActiveCfg = Release|x86
		{2F66B9EC-8C72-48F0-A2D6-65FCE725956F}.Ad-Hoc|iPhoneSimulator.Build.0 = Release|x86
		{2F66B9EC-8C72-48F0-A2D6-65FCE725956F}.Ad-Hoc|iPhoneSimulator.Deploy.0 = Release|x86
		{2F66B9EC-8C72-48F0-A2D6-65FCE725956F}.Ad-Hoc|x64.ActiveCfg = Release|x64
		{2F66B9EC-8C72-48F0-A2D6-65FCE725956F}.Ad-Hoc|x64.Build.0 = Release|x64
		{2F66B9EC-8C72-48F0-A2D6-65FCE725956F}.Ad-Hoc|x64.Deploy.0 = Release|x64
		{2F66B9EC-8C72-48F0-A2D6-65FCE725956F}.Ad-Hoc|x86.ActiveCfg = Release|x86
		{2F66B9EC-8C72-48F0-A2D6-65FCE725956F}.Ad-Hoc|x86.Build.0 = Release|x86
		{2F66B9EC-8C72-48F0-A2D6-65FCE725956F}.Ad-Hoc|x86.Deploy.0 = Release|x86
		{2F66B9EC-8C72-48F0-A2D6-65FCE725956F}.AppStore|Any CPU.ActiveCfg = Release|x86
		{2F66B9EC-8C72-48F0-A2D6-65FCE725956F}.AppStore|Any CPU.Build.0 = Release|x86
		{2F66B9EC-8C72-48F0-A2D6-65FCE725956F}.AppStore|Any CPU.Deploy.0 = Release|x86
		{2F66B9EC-8C72-48F0-A2D6-65FCE725956F}.AppStore|ARM.ActiveCfg = Release|ARM
		{2F66B9EC-8C72-48F0-A2D6-65FCE725956F}.AppStore|ARM.Build.0 = Release|ARM
		{2F66B9EC-8C72-48F0-A2D6-65FCE725956F}.AppStore|ARM.Deploy.0 = Release|ARM
		{2F66B9EC-8C72-48F0-A2D6-65FCE725956F}.AppStore|iPhone.ActiveCfg = Release|x86
		{2F66B9EC-8C72-48F0-A2D6-65FCE725956F}.AppStore|iPhone.Build.0 = Release|x86
		{2F66B9EC-8C72-48F0-A2D6-65FCE725956F}.AppStore|iPhone.Deploy.0 = Release|x86
		{2F66B9EC-8C72-48F0-A2D6-65FCE725956F}.AppStore|iPhoneSimulator.ActiveCfg = Release|x86
		{2F66B9EC-8C72-48F0-A2D6-65FCE725956F}.AppStore|iPhoneSimulator.Build.0 = Release|x86
		{2F66B9EC-8C72-48F0-A2D6-65FCE725956F}.AppStore|iPhoneSimulator.Deploy.0 = Release|x86
		{2F66B9EC-8C72-48F0-A2D6-65FCE725956F}.AppStore|x64.ActiveCfg = Release|x64
		{2F66B9EC-8C72-48F0-A2D6-65FCE725956F}.AppStore|x64.Build.0 = Release|x64
		{2F66B9EC-8C72-48F0-A2D6-65FCE725956F}.AppStore|x64.Deploy.0 = Release|x64
		{2F66B9EC-8C72-48F0-A2D6-65FCE725956F}.AppStore|x86.ActiveCfg = Release|x86
		{2F66B9EC-8C72-48F0-A2D6-65FCE725956F}.AppStore|x86.Build.0 = Release|x86
		{2F66B9EC-8C72-48F0-A2D6-65FCE725956F}.AppStore|x86.Deploy.0 = Release|x86
		{2F66B9EC-8C72-48F0-A2D6-65FCE725956F}.Debug|Any CPU.ActiveCfg = Debug|x86
		{2F66B9EC-8C72-48F0-A2D6-65FCE725956F}.Debug|ARM.ActiveCfg = Debug|ARM
		{2F66B9EC-8C72-48F0-A2D6-65FCE725956F}.Debug|ARM.Build.0 = Debug|ARM
		{2F66B9EC-8C72-48F0-A2D6-65FCE725956F}.Debug|ARM.Deploy.0 = Debug|ARM
		{2F66B9EC-8C72-48F0-A2D6-65FCE725956F}.Debug|iPhone.ActiveCfg = Debug|x86
		{2F66B9EC-8C72-48F0-A2D6-65FCE725956F}.Debug|iPhoneSimulator.ActiveCfg = Debug|x86
		{2F66B9EC-8C72-48F0-A2D6-65FCE725956F}.Debug|x64.ActiveCfg = Debug|x64
		{2F66B9EC-8C72-48F0-A2D6-65FCE725956F}.Debug|x64.Build.0 = Debug|x64
		{2F66B9EC-8C72-48F0-A2D6-65FCE725956F}.Debug|x64.Deploy.0 = Debug|x64
		{2F66B9EC-8C72-48F0-A2D6-65FCE725956F}.Debug|x86.ActiveCfg = Debug|x86
		{2F66B9EC-8C72-48F0-A2D6-65FCE725956F}.Debug|x86.Build.0 = Debug|x86
		{2F66B9EC-8C72-48F0-A2D6-65FCE725956F}.Debug|x86.Deploy.0 = Debug|x86
		{2F66B9EC-8C72-48F0-A2D6-65FCE725956F}.Release|Any CPU.ActiveCfg = Release|x86
		{2F66B9EC-8C72-48F0-A2D6-65FCE725956F}.Release|ARM.ActiveCfg = Release|ARM
		{2F66B9EC-8C72-48F0-A2D6-65FCE725956F}.Release|ARM.Build.0 = Release|ARM
		{2F66B9EC-8C72-48F0-A2D6-65FCE725956F}.Release|ARM.Deploy.0 = Release|ARM
		{2F66B9EC-8C72-48F0-A2D6-65FCE725956F}.Release|iPhone.ActiveCfg = Release|x86
		{2F66B9EC-8C72-48F0-A2D6-65FCE725956F}.Release|iPhoneSimulator.ActiveCfg = Release|x86
		{2F66B9EC-8C72-48F0-A2D6-65FCE725956F}.Release|x64.ActiveCfg = Release|x64
		{2F66B9EC-8C72-48F0-A2D6-65FCE725956F}.Release|x64.Build.0 = Release|x64
		{2F66B9EC-8C72-48F0-A2D6-65FCE725956F}.Release|x64.Deploy.0 = Release|x64
		{2F66B9EC-8C72-48F0-A2D6-65FCE725956F}.Release|x86.ActiveCfg = Release|x86
		{2F66B9EC-8C72-48F0-A2D6-65FCE725956F}.Release|x86.Build.0 = Release|x86
		{2F66B9EC-8C72-48F0-A2D6-65FCE725956F}.Release|x86.Deploy.0 = Release|x86
		{43755FBD-0D0F-4439-AA60-8F52CC025A5A}.Ad-Hoc|Any CPU.ActiveCfg = Ad-Hoc|iPhone
		{43755FBD-0D0F-4439-AA60-8F52CC025A5A}.Ad-Hoc|ARM.ActiveCfg = Ad-Hoc|iPhone
		{43755FBD-0D0F-4439-AA60-8F52CC025A5A}.Ad-Hoc|iPhone.ActiveCfg = Ad-Hoc|iPhone
		{43755FBD-0D0F-4439-AA60-8F52CC025A5A}.Ad-Hoc|iPhone.Build.0 = Ad-Hoc|iPhone
		{43755FBD-0D0F-4439-AA60-8F52CC025A5A}.Ad-Hoc|iPhoneSimulator.ActiveCfg = Ad-Hoc|iPhoneSimulator
		{43755FBD-0D0F-4439-AA60-8F52CC025A5A}.Ad-Hoc|iPhoneSimulator.Build.0 = Ad-Hoc|iPhoneSimulator
		{43755FBD-0D0F-4439-AA60-8F52CC025A5A}.Ad-Hoc|x64.ActiveCfg = Ad-Hoc|iPhone
		{43755FBD-0D0F-4439-AA60-8F52CC025A5A}.Ad-Hoc|x86.ActiveCfg = Ad-Hoc|iPhone
		{43755FBD-0D0F-4439-AA60-8F52CC025A5A}.AppStore|Any CPU.ActiveCfg = AppStore|iPhone
		{43755FBD-0D0F-4439-AA60-8F52CC025A5A}.AppStore|ARM.ActiveCfg = AppStore|iPhone
		{43755FBD-0D0F-4439-AA60-8F52CC025A5A}.AppStore|iPhone.ActiveCfg = AppStore|iPhone
		{43755FBD-0D0F-4439-AA60-8F52CC025A5A}.AppStore|iPhone.Build.0 = AppStore|iPhone
		{43755FBD-0D0F-4439-AA60-8F52CC025A5A}.AppStore|iPhoneSimulator.ActiveCfg = AppStore|iPhoneSimulator
		{43755FBD-0D0F-4439-AA60-8F52CC025A5A}.AppStore|iPhoneSimulator.Build.0 = AppStore|iPhoneSimulator
		{43755FBD-0D0F-4439-AA60-8F52CC025A5A}.AppStore|x64.ActiveCfg = AppStore|iPhone
		{43755FBD-0D0F-4439-AA60-8F52CC025A5A}.AppStore|x86.ActiveCfg = AppStore|iPhone
		{43755FBD-0D0F-4439-AA60-8F52CC025A5A}.Debug|Any CPU.ActiveCfg = Debug|iPhone
		{43755FBD-0D0F-4439-AA60-8F52CC025A5A}.Debug|ARM.ActiveCfg = Debug|iPhone
		{43755FBD-0D0F-4439-AA60-8F52CC025A5A}.Debug|iPhone.ActiveCfg = Debug|iPhone
		{43755FBD-0D0F-4439-AA60-8F52CC025A5A}.Debug|iPhone.Build.0 = Debug|iPhone
		{43755FBD-0D0F-4439-AA60-8F52CC025A5A}.Debug|iPhoneSimulator.ActiveCfg = Debug|iPhoneSimulator
		{43755FBD-0D0F-4439-AA60-8F52CC025A5A}.Debug|iPhoneSimulator.Build.0 = Debug|iPhoneSimulator
		{43755FBD-0D0F-4439-AA60-8F52CC025A5A}.Debug|x64.ActiveCfg = Debug|iPhone
		{43755FBD-0D0F-4439-AA60-8F52CC025A5A}.Debug|x86.ActiveCfg = Debug|iPhone
		{43755FBD-0D0F-4439-AA60-8F52CC025A5A}.Release|Any CPU.ActiveCfg = Release|iPhone
		{43755FBD-0D0F-4439-AA60-8F52CC025A5A}.Release|ARM.ActiveCfg = Release|iPhone
		{43755FBD-0D0F-4439-AA60-8F52CC025A5A}.Release|iPhone.ActiveCfg = Release|iPhone
		{43755FBD-0D0F-4439-AA60-8F52CC025A5A}.Release|iPhone.Build.0 = Release|iPhone
		{43755FBD-0D0F-4439-AA60-8F52CC025A5A}.Release|iPhoneSimulator.ActiveCfg = Release|iPhoneSimulator
		{43755FBD-0D0F-4439-AA60-8F52CC025A5A}.Release|iPhoneSimulator.Build.0 = Release|iPhoneSimulator
		{43755FBD-0D0F-4439-AA60-8F52CC025A5A}.Release|x64.ActiveCfg = Release|iPhone
		{43755FBD-0D0F-4439-AA60-8F52CC025A5A}.Release|x86.ActiveCfg = Release|iPhone
	EndGlobalSection
	GlobalSection(SolutionProperties) = preSolution
		HideSolutionNode = FALSE
	EndGlobalSection
	GlobalSection(ExtensibilityGlobals) = postSolution
		SolutionGuid = {EA84DDD9-2C5B-45A4-BEB9-C72358B81F78}
	EndGlobalSection
EndGlobal
